
Microsoft Visual Studio Solution File, Format Version 12.00
# Visual Studio Version 17
VisualStudioVersion = 17.2.32516.85
MinimumVisualStudioVersion = 10.0.40219.1
Project("{FAE04EC0-301F-11D3-BF4B-00C04F79EFBC}") = "SmartphonePortal_WV.Server", "Server\SmartphonePortal_WV.Server.csproj", "{E98978C9-4FDD-4184-980C-009F9DA4F33A}"
EndProject
Project("{FAE04EC0-301F-11D3-BF4B-00C04F79EFBC}") = "SmartphonePortal_WV.Client", "Client\SmartphonePortal_WV.Client.csproj", "{63F19B07-B45D-489F-BC63-076BBC902D7B}"
EndProject
Project("{FAE04EC0-301F-11D3-BF4B-00C04F79EFBC}") = "SmartphonePortal_WV.Shared", "Shared\SmartphonePortal_WV.Shared.csproj", "{CFCB7121-D375-43DC-898C-DE94C7064A08}"
EndProject
Global
	GlobalSection(SolutionConfigurationPlatforms) = preSolution
		Debug|Any CPU = Debug|Any CPU
		Release|Any CPU = Release|Any CPU
	EndGlobalSection
	GlobalSection(ProjectConfigurationPlatforms) = postSolution
		{E98978C9-4FDD-4184-980C-009F9DA4F33A}.Debug|Any CPU.ActiveCfg = Debug|Any CPU
		{E98978C9-4FDD-4184-980C-009F9DA4F33A}.Debug|Any CPU.Build.0 = Debug|Any CPU
		{E98978C9-4FDD-4184-980C-009F9DA4F33A}.Release|Any CPU.ActiveCfg = Release|Any CPU
		{E98978C9-4FDD-4184-980C-009F9DA4F33A}.Release|Any CPU.Build.0 = Release|Any CPU
		{63F19B07-B45D-489F-BC63-076BBC902D7B}.Debug|Any CPU.ActiveCfg = Debug|Any CPU
		{63F19B07-B45D-489F-BC63-076BBC902D7B}.Debug|Any CPU.Build.0 = Debug|Any CPU
		{63F19B07-B45D-489F-BC63-076BBC902D7B}.Release|Any CPU.ActiveCfg = Release|Any CPU
		{63F19B07-B45D-489F-BC63-076BBC902D7B}.Release|Any CPU.Build.0 = Release|Any CPU
		{CFCB7121-D375-43DC-898C-DE94C7064A08}.Debug|Any CPU.ActiveCfg = Debug|Any CPU
		{CFCB7121-D375-43DC-898C-DE94C7064A08}.Debug|Any CPU.Build.0 = Debug|Any CPU
		{CFCB7121-D375-43DC-898C-DE94C7064A08}.Release|Any CPU.ActiveCfg = Release|Any CPU
		{CFCB7121-D375-43DC-898C-DE94C7064A08}.Release|Any CPU.Build.0 = Release|Any CPU
	EndGlobalSection
	GlobalSection(SolutionProperties) = preSolution
		HideSolutionNode = FALSE
	EndGlobalSection
	GlobalSection(ExtensibilityGlobals) = postSolution
		SolutionGuid = {F56D495F-43D6-4BFB-B490-CFE4919AF75C}
	EndGlobalSection
EndGlobal
