
Microsoft Visual Studio Solution File, Format Version 12.00
# Visual Studio Version 17
VisualStudioVersion = 17.2.32516.85
MinimumVisualStudioVersion = 10.0.40219.1
Project("{9A19103F-16F7-4668-BE54-9A1E7A4F7556}") = "SmartphonePortal_Vervoort_Wagner.Server", "Server\SmartphonePortal_Vervoort_Wagner.Server.csproj", "{DA741594-878A-4B08-86C9-4D46D88C0C27}"
EndProject
Project("{9A19103F-16F7-4668-BE54-9A1E7A4F7556}") = "SmartphonePortal_Vervoort_Wagner.Client", "Client\SmartphonePortal_Vervoort_Wagner.Client.csproj", "{BA709CBC-75DB-4617-BE94-5DE0AB6D0883}"
EndProject
Project("{9A19103F-16F7-4668-BE54-9A1E7A4F7556}") = "SmartphonePortal_Vervoort_Wagner.Shared", "Shared\SmartphonePortal_Vervoort_Wagner.Shared.csproj", "{135C60D6-B5D4-45CF-8CC2-C1F4C44BBFFA}"
EndProject
Global
	GlobalSection(SolutionConfigurationPlatforms) = preSolution
		Debug|Any CPU = Debug|Any CPU
		Release|Any CPU = Release|Any CPU
	EndGlobalSection
	GlobalSection(ProjectConfigurationPlatforms) = postSolution
		{DA741594-878A-4B08-86C9-4D46D88C0C27}.Debug|Any CPU.ActiveCfg = Debug|Any CPU
		{DA741594-878A-4B08-86C9-4D46D88C0C27}.Debug|Any CPU.Build.0 = Debug|Any CPU
		{DA741594-878A-4B08-86C9-4D46D88C0C27}.Release|Any CPU.ActiveCfg = Release|Any CPU
		{DA741594-878A-4B08-86C9-4D46D88C0C27}.Release|Any CPU.Build.0 = Release|Any CPU
		{BA709CBC-75DB-4617-BE94-5DE0AB6D0883}.Debug|Any CPU.ActiveCfg = Debug|Any CPU
		{BA709CBC-75DB-4617-BE94-5DE0AB6D0883}.Debug|Any CPU.Build.0 = Debug|Any CPU
		{BA709CBC-75DB-4617-BE94-5DE0AB6D0883}.Release|Any CPU.ActiveCfg = Release|Any CPU
		{BA709CBC-75DB-4617-BE94-5DE0AB6D0883}.Release|Any CPU.Build.0 = Release|Any CPU
		{135C60D6-B5D4-45CF-8CC2-C1F4C44BBFFA}.Debug|Any CPU.ActiveCfg = Debug|Any CPU
		{135C60D6-B5D4-45CF-8CC2-C1F4C44BBFFA}.Debug|Any CPU.Build.0 = Debug|Any CPU
		{135C60D6-B5D4-45CF-8CC2-C1F4C44BBFFA}.Release|Any CPU.ActiveCfg = Release|Any CPU
		{135C60D6-B5D4-45CF-8CC2-C1F4C44BBFFA}.Release|Any CPU.Build.0 = Release|Any CPU
	EndGlobalSection
	GlobalSection(SolutionProperties) = preSolution
		HideSolutionNode = FALSE
	EndGlobalSection
	GlobalSection(ExtensibilityGlobals) = postSolution
		SolutionGuid = {16805586-3172-45AC-A024-B893A1E1043A}
	EndGlobalSection
EndGlobal
